
Microsoft Visual Studio Solution File, Format Version 12.00
# Visual Studio Version 16
VisualStudioVersion = 16.0.30804.86
MinimumVisualStudioVersion = 10.0.40219.1
Project("{FAE04EC0-301F-11D3-BF4B-00C04F79EFBC}") = "Exercise2", "Exercise2\Exercise2.csproj", "{B552C467-3397-4ACB-821B-BB0BEBC1B454}"
EndProject
Global
	GlobalSection(SolutionConfigurationPlatforms) = preSolution
		Debug|Any CPU = Debug|Any CPU
		Release|Any CPU = Release|Any CPU
	EndGlobalSection
	GlobalSection(ProjectConfigurationPlatforms) = postSolution
		{B552C467-3397-4ACB-821B-BB0BEBC1B454}.Debug|Any CPU.ActiveCfg = Debug|Any CPU
		{B552C467-3397-4ACB-821B-BB0BEBC1B454}.Debug|Any CPU.Build.0 = Debug|Any CPU
		{B552C467-3397-4ACB-821B-BB0BEBC1B454}.Release|Any CPU.ActiveCfg = Release|Any CPU
		{B552C467-3397-4ACB-821B-BB0BEBC1B454}.Release|Any CPU.Build.0 = Release|Any CPU
	EndGlobalSection
	GlobalSection(SolutionProperties) = preSolution
		HideSolutionNode = FALSE
	EndGlobalSection
	GlobalSection(ExtensibilityGlobals) = postSolution
		SolutionGuid = {597E9E06-EC1E-4035-9281-142FA86A8F50}
	EndGlobalSection
EndGlobal
